
Microsoft Visual Studio Solution File, Format Version 12.00
# Visual Studio Version 17
VisualStudioVersion = 17.10.35013.160
MinimumVisualStudioVersion = 10.0.40219.1
Project("{2150E333-8FDC-42A3-9474-1A3956D46DE8}") = "Services", "Services", "{01F9CD40-E396-4BAF-93CF-4E016D7B9223}"
EndProject
Project("{2150E333-8FDC-42A3-9474-1A3956D46DE8}") = "Catalog", "Catalog", "{0C8C4FA7-8A84-4ED4-AABA-6A8DC1F90D78}"
EndProject
Project("{FAE04EC0-301F-11D3-BF4B-00C04F79EFBC}") = "Catalog.API", "..\src\Services\Catalog\Catalog.API\Catalog.API.csproj", "{4EE53B93-5BA3-4A1E-96CC-8AABC911E7DA}"
EndProject
Global
	GlobalSection(SolutionConfigurationPlatforms) = preSolution
		Debug|Any CPU = Debug|Any CPU
		Release|Any CPU = Release|Any CPU
	EndGlobalSection
	GlobalSection(ProjectConfigurationPlatforms) = postSolution
		{4EE53B93-5BA3-4A1E-96CC-8AABC911E7DA}.Debug|Any CPU.ActiveCfg = Debug|Any CPU
		{4EE53B93-5BA3-4A1E-96CC-8AABC911E7DA}.Debug|Any CPU.Build.0 = Debug|Any CPU
		{4EE53B93-5BA3-4A1E-96CC-8AABC911E7DA}.Release|Any CPU.ActiveCfg = Release|Any CPU
		{4EE53B93-5BA3-4A1E-96CC-8AABC911E7DA}.Release|Any CPU.Build.0 = Release|Any CPU
	EndGlobalSection
	GlobalSection(SolutionProperties) = preSolution
		HideSolutionNode = FALSE
	EndGlobalSection
	GlobalSection(NestedProjects) = preSolution
		{0C8C4FA7-8A84-4ED4-AABA-6A8DC1F90D78} = {01F9CD40-E396-4BAF-93CF-4E016D7B9223}
		{4EE53B93-5BA3-4A1E-96CC-8AABC911E7DA} = {0C8C4FA7-8A84-4ED4-AABA-6A8DC1F90D78}
	EndGlobalSection
	GlobalSection(ExtensibilityGlobals) = postSolution
		SolutionGuid = {53E19495-E04A-4DD9-B471-1DD8060B2A18}
	EndGlobalSection
EndGlobal
